{
  "name": "aedes-authorizer-plugin-example",
  "version": "0.0.0",
  "lockfileVersion": 1,
  "requires": true,
  "dependencies": {
    "aedes": {
      "version": "0.34.0",
      "resolved": "https://registry.npmjs.org/aedes/-/aedes-0.34.0.tgz",
      "integrity": "sha512-pmCCN1IzouyylzTYcYqakAz/rm/avEd/WBbo8iewy2DNpkXbsQWRLlzUJXPvWCHr2vxmwHDnK4DxStxzRpf5GQ==",
      "requires": {
        "aedes-packet": "1.0.0",
        "aedes-persistence": "5.1.1",
        "bulk-write-stream": "1.1.4",
        "end-of-stream": "1.4.1",
        "fastfall": "1.5.1",
        "fastparallel": "2.3.0",
        "fastseries": "1.7.2",
        "from2": "2.3.0",
        "mqemitter": "2.2.0",
        "mqtt-packet": "5.6.0",
        "pump": "3.0.0",
        "retimer": "1.1.0",
        "reusify": "1.0.4",
        "safe-buffer": "5.1.2",
        "shortid": "2.2.8",
        "through2": "2.0.3",
        "uuid": "3.2.1",
        "xtend": "4.0.1"
      }
    },
    "aedes-authorization-plugin": {
      "version": "1.0.0",
      "resolved": "https://registry.npmjs.org/aedes-authorization-plugin/-/aedes-authorization-plugin-1.0.0.tgz",
      "integrity": "sha512-cCLzBM/OuaIQ44rgkw9R4fSxOgWoKABJsDYBz3NAr0dYkMqpU+1nmqMVErHpE8L1I5ysRxK1+WP7kUjEM/LI2w==",
      "requires": {
        "lodash": "4.17.10",
        "mqtt-pattern": "1.2.0"
      }
    },
    "aedes-packet": {
      "version": "1.0.0",
      "resolved": "https://registry.npmjs.org/aedes-packet/-/aedes-packet-1.0.0.tgz",
      "integrity": "sha1-LupG+XySWwofTQP08f5e+IexAPE="
    },
    "aedes-persistence": {
      "version": "5.1.1",
      "resolved": "https://registry.npmjs.org/aedes-persistence/-/aedes-persistence-5.1.1.tgz",
      "integrity": "sha512-LqEW+SKKpcVlHmsSVyWRESITq2ty1josLersto0g2LX2u15UCD0AC6okfktH27xipEXLV6EpJjw1bP0m4FC73g==",
      "requires": {
        "aedes-packet": "1.0.0",
        "from2": "2.3.0",
        "qlobber": "1.8.0",
        "safe-buffer": "5.1.2"
      }
    },
    "bl": {
      "version": "1.2.2",
      "resolved": "https://registry.npmjs.org/bl/-/bl-1.2.2.tgz",
      "integrity": "sha512-e8tQYnZodmebYDWGH7KMRvtzKXaJHx3BbilrgZCfvyLUYdKpK1t5PSPmpkny/SgiTSCnjfLW7v5rlONXVFkQEA==",
      "requires": {
        "readable-stream": "2.3.6",
        "safe-buffer": "5.1.2"
      }
    },
    "buffer-from": {
      "version": "1.0.0",
      "resolved": "https://registry.npmjs.org/buffer-from/-/buffer-from-1.0.0.tgz",
      "integrity": "sha512-83apNb8KK0Se60UE1+4Ukbe3HbfELJ6UlI4ldtOGs7So4KD26orJM8hIY9lxdzP+UpItH1Yh/Y8GUvNFWFFRxA=="
    },
    "bulk-write-stream": {
      "version": "1.1.4",
      "resolved": "https://registry.npmjs.org/bulk-write-stream/-/bulk-write-stream-1.1.4.tgz",
      "integrity": "sha512-GtKwd/4etuk1hNeprXoESBO1RSeRYJMXKf+O0qHmWdUomLT8ysNEfX/4bZFXr3BK6eukpHiEnhY2uMtEHDM2ng==",
      "requires": {
        "buffer-from": "1.0.0",
        "inherits": "2.0.3",
        "readable-stream": "2.3.6"
      }
    },
    "core-util-is": {
      "version": "1.0.2",
      "resolved": "https://registry.npmjs.org/core-util-is/-/core-util-is-1.0.2.tgz",
      "integrity": "sha1-tf1UIgqivFq1eqtxQMlAdUUDwac="
    },
    "end-of-stream": {
      "version": "1.4.1",
      "resolved": "https://registry.npmjs.org/end-of-stream/-/end-of-stream-1.4.1.tgz",
      "integrity": "sha512-1MkrZNvWTKCaigbn+W15elq2BB/L22nqrSY5DKlo3X6+vclJm8Bb5djXJBmEX6fS3+zCh/F4VBK5Z2KxJt4s2Q==",
      "requires": {
        "once": "1.4.0"
      }
    },
    "fastfall": {
      "version": "1.5.1",
      "resolved": "https://registry.npmjs.org/fastfall/-/fastfall-1.5.1.tgz",
      "integrity": "sha1-P+4DMxpJ0dObPN96XpzWb0dee5Q=",
      "requires": {
        "reusify": "1.0.4"
      }
    },
    "fastparallel": {
      "version": "2.3.0",
      "resolved": "https://registry.npmjs.org/fastparallel/-/fastparallel-2.3.0.tgz",
      "integrity": "sha1-HnCb+2oDmT84V+POfwExHOdgJhM=",
      "requires": {
        "reusify": "1.0.4",
        "xtend": "4.0.1"
      }
    },
    "fastseries": {
      "version": "1.7.2",
      "resolved": "https://registry.npmjs.org/fastseries/-/fastseries-1.7.2.tgz",
      "integrity": "sha1-0izhO5Qz3/M4jZHb1ri9qbIaD0s=",
      "requires": {
        "reusify": "1.0.4",
        "xtend": "4.0.1"
      }
    },
    "from2": {
      "version": "2.3.0",
      "resolved": "https://registry.npmjs.org/from2/-/from2-2.3.0.tgz",
      "integrity": "sha1-i/tVAr3kpNNs/e6gB/zKIdfjgq8=",
      "requires": {
        "inherits": "2.0.3",
        "readable-stream": "2.3.6"
      }
    },
    "inherits": {
      "version": "2.0.3",
      "resolved": "https://registry.npmjs.org/inherits/-/inherits-2.0.3.tgz",
      "integrity": "sha1-Yzwsg+PaQqUC9SRmAiSA9CCCYd4="
    },
    "isarray": {
      "version": "1.0.0",
      "resolved": "https://registry.npmjs.org/isarray/-/isarray-1.0.0.tgz",
      "integrity": "sha1-u5NdSFgsuhaMBoNJV6VKPgcSTxE="
    },
    "lodash": {
      "version": "4.17.10",
      "resolved": "https://registry.npmjs.org/lodash/-/lodash-4.17.10.tgz",
      "integrity": "sha512-UejweD1pDoXu+AD825lWwp4ZGtSwgnpZxb3JDViD7StjQz+Nb/6l093lx4OQ0foGWNRoc19mWy7BzL+UAK2iVg=="
    },
    "mqemitter": {
      "version": "2.2.0",
      "resolved": "https://registry.npmjs.org/mqemitter/-/mqemitter-2.2.0.tgz",
      "integrity": "sha512-vyglbOjB8wWsL6qmu2ePFp3yOoK/aOSOQeIgvmrlPxfuqiZU/AcIkI0xGJun0sEOTCqa2LFyR6T+YX/2qFz+WA==",
      "requires": {
        "fastparallel": "2.3.0",
        "qlobber": "1.8.0"
      }
    },
    "mqtt-match": {
      "version": "1.0.3",
      "resolved": "https://registry.npmjs.org/mqtt-match/-/mqtt-match-1.0.3.tgz",
      "integrity": "sha512-nfeAp+chyjVeIvvrgMhQCfDAIVp/zXX8rtxHQwuAWuapqAdFs1F0kIekG445ps3xs/qFPK6l2xRlAyiqqwbmrQ=="
    },
    "mqtt-packet": {
      "version": "5.6.0",
      "resolved": "https://registry.npmjs.org/mqtt-packet/-/mqtt-packet-5.6.0.tgz",
      "integrity": "sha512-QECe2ivqcR1LRsPobRsjenEKAC3i1a5gmm+jNKJLrsiq9PaSQ18LlKFuxvhGxWkvGEPadWv6rKd31O4ICqS1Xw==",
      "requires": {
        "bl": "1.2.2",
        "inherits": "2.0.3",
        "process-nextick-args": "2.0.0",
        "safe-buffer": "5.1.2"
      }
    },
    "mqtt-pattern": {
      "version": "1.2.0",
      "resolved": "https://registry.npmjs.org/mqtt-pattern/-/mqtt-pattern-1.2.0.tgz",
      "integrity": "sha512-5tvJTrMXcvAWRc4J+YW0pnZOLi20yXFX1R7cjB0291X9aRFPyO+5vbh/kHVwUlNPfJuwijcvrd/AmwDLe1021w==",
      "requires": {
        "mqtt-match": "1.0.3"
      }
    },
    "once": {
      "version": "1.4.0",
      "resolved": "https://registry.npmjs.org/once/-/once-1.4.0.tgz",
      "integrity": "sha1-WDsap3WWHUsROsF9nFC6753Xa9E=",
      "requires": {
        "wrappy": "1.0.2"
      }
    },
    "process-nextick-args": {
      "version": "2.0.0",
      "resolved": "https://registry.npmjs.org/process-nextick-args/-/process-nextick-args-2.0.0.tgz",
      "integrity": "sha512-MtEC1TqN0EU5nephaJ4rAtThHtC86dNN9qCuEhtshvpVBkAW5ZO7BASN9REnF9eoXGcRub+pFuKEpOHE+HbEMw=="
    },
    "pump": {
      "version": "3.0.0",
      "resolved": "https://registry.npmjs.org/pump/-/pump-3.0.0.tgz",
      "integrity": "sha512-LwZy+p3SFs1Pytd/jYct4wpv49HiYCqd9Rlc5ZVdk0V+8Yzv6jR5Blk3TRmPL1ft69TxP0IMZGJ+WPFU2BFhww==",
      "requires": {
        "end-of-stream": "1.4.1",
        "once": "1.4.0"
      }
    },
    "qlobber": {
      "version": "1.8.0",
      "resolved": "https://registry.npmjs.org/qlobber/-/qlobber-1.8.0.tgz",
      "integrity": "sha512-JTgaiU9R5AGGrnx3GD7CAwmS+K7w154Ns/I+9Yd9xDICzRDsDzFuhcMBglepHZGmIEk1F+j2aZnh8+txCuGgug=="
    },
    "readable-stream": {
      "version": "2.3.6",
      "resolved": "https://registry.npmjs.org/readable-stream/-/readable-stream-2.3.6.tgz",
      "integrity": "sha512-tQtKA9WIAhBF3+VLAseyMqZeBjW0AHJoxOtYqSUZNJxauErmLbVm2FW1y+J/YA9dUrAC39ITejlZWhVIwawkKw==",
      "requires": {
        "core-util-is": "1.0.2",
        "inherits": "2.0.3",
        "isarray": "1.0.0",
        "process-nextick-args": "2.0.0",
        "safe-buffer": "5.1.2",
        "string_decoder": "1.1.1",
        "util-deprecate": "1.0.2"
      }
    },
    "retimer": {
      "version": "1.1.0",
      "resolved": "https://registry.npmjs.org/retimer/-/retimer-1.1.0.tgz",
      "integrity": "sha512-+Tjoa47XqpO+cmNObvmK6UPFmUTzQPtr4MqMS7ZJKPKYAnryCxG2FXT8/SEgPsEghQQgXFPZEdILNxJkvXtjUw=="
    },
    "reusify": {
      "version": "1.0.4",
      "resolved": "https://registry.npmjs.org/reusify/-/reusify-1.0.4.tgz",
      "integrity": "sha512-U9nH88a3fc/ekCF1l0/UP1IosiuIjyTh7hBvXVMHYgVcfGvt897Xguj2UOLDeI5BG2m7/uwyaLVT6fbtCwTyzw=="
    },
    "safe-buffer": {
      "version": "5.1.2",
      "resolved": "https://registry.npmjs.org/safe-buffer/-/safe-buffer-5.1.2.tgz",
      "integrity": "sha512-Gd2UZBJDkXlY7GbJxfsE8/nvKkUEU1G38c1siN6QP6a9PT9MmHB8GnpscSmMJSoF8LOIrt8ud/wPtojys4G6+g=="
    },
    "shortid": {
      "version": "2.2.8",
      "resolved": "https://registry.npmjs.org/shortid/-/shortid-2.2.8.tgz",
      "integrity": "sha1-AzsRfWoul1gE9vCWnb59PQs1UTE="
    },
    "string_decoder": {
      "version": "1.1.1",
      "resolved": "https://registry.npmjs.org/string_decoder/-/string_decoder-1.1.1.tgz",
      "integrity": "sha512-n/ShnvDi6FHbbVfviro+WojiFzv+s8MPMHBczVePfUpDJLwoLT0ht1l4YwBCbi8pJAveEEdnkHyPyTP/mzRfwg==",
      "requires": {
        "safe-buffer": "5.1.2"
      }
    },
    "through2": {
      "version": "2.0.3",
      "resolved": "https://registry.npmjs.org/through2/-/through2-2.0.3.tgz",
      "integrity": "sha1-AARWmzfHx0ujnEPzzteNGtlBQL4=",
      "requires": {
        "readable-stream": "2.3.6",
        "xtend": "4.0.1"
      }
    },
    "util-deprecate": {
      "version": "1.0.2",
      "resolved": "https://registry.npmjs.org/util-deprecate/-/util-deprecate-1.0.2.tgz",
      "integrity": "sha1-RQ1Nyfpw3nMnYvvS1KKJgUGaDM8="
    },
    "uuid": {
      "version": "3.2.1",
      "resolved": "https://registry.npmjs.org/uuid/-/uuid-3.2.1.tgz",
      "integrity": "sha512-jZnMwlb9Iku/O3smGWvZhauCf6cvvpKi4BKRiliS3cxnI+Gz9j5MEpTz2UFuXiKPJocb7gnsLHwiS05ige5BEA=="
    },
    "wrappy": {
      "version": "1.0.2",
      "resolved": "https://registry.npmjs.org/wrappy/-/wrappy-1.0.2.tgz",
      "integrity": "sha1-tSQ9jz7BqjXxNkYFvA0QNuMKtp8="
    },
    "xtend": {
      "version": "4.0.1",
      "resolved": "https://registry.npmjs.org/xtend/-/xtend-4.0.1.tgz",
      "integrity": "sha1-pcbVMr5lbiPbgg77lDofBJmNY68="
    }
  }
}
